// !$*UTF8*$!
{
	archiveVersion = 1;
	classes = {
	};
	objectVersion = 77;
	objects = {

/* Begin PBXContainerItemProxy section */
		910E89382CB817F60074A481 /* PBXContainerItemProxy */ = {
			isa = PBXContainerItemProxy;
			containerPortal = 910E891F2CB817F50074A481 /* Project object */;
			proxyType = 1;
			remoteGlobalIDString = 910E89262CB817F50074A481;
			remoteInfo = JustConverter;
		};
		910E89422CB817F60074A481 /* PBXContainerItemProxy */ = {
			isa = PBXContainerItemProxy;
			containerPortal = 910E891F2CB817F50074A481 /* Project object */;
			proxyType = 1;
			remoteGlobalIDString = 910E89262CB817F50074A481;
			remoteInfo = JustConverter;
		};
/* End PBXContainerItemProxy section */

/* Begin PBXFileReference section */
		910E89272CB817F50074A481 /* JustConverter.app */ = {isa = PBXFileReference; explicitFileType = wrapper.application; includeInIndex = 0; path = JustConverter.app; sourceTree = BUILT_PRODUCTS_DIR; };
		910E89372CB817F60074A481 /* JustConverterTests.xctest */ = {isa = PBXFileReference; explicitFileType = wrapper.cfbundle; includeInIndex = 0; path = JustConverterTests.xctest; sourceTree = BUILT_PRODUCTS_DIR; };
		910E89412CB817F60074A481 /* JustConverterUITests.xctest */ = {isa = PBXFileReference; explicitFileType = wrapper.cfbundle; includeInIndex = 0; path = JustConverterUITests.xctest; sourceTree = BUILT_PRODUCTS_DIR; };
/* End PBXFileReference section */

/* Begin PBXFileSystemSynchronizedRootGroup section */
		910E89292CB817F50074A481 /* JustConverter */ = {
			isa = PBXFileSystemSynchronizedRootGroup;
			path = JustConverter;
			sourceTree = "<group>";
		};
		910E893A2CB817F60074A481 /* JustConverterTests */ = {
			isa = PBXFileSystemSynchronizedRootGroup;
			path = JustConverterTests;
			sourceTree = "<group>";
		};
		910E89442CB817F60074A481 /* JustConverterUITests */ = {
			isa = PBXFileSystemSynchronizedRootGroup;
			path = JustConverterUITests;
			sourceTree = "<group>";
		};
/* End PBXFileSystemSynchronizedRootGroup section */

/* Begin PBXFrameworksBuildPhase section */
		910E89242CB817F50074A481 /* Frameworks */ = {
			isa = PBXFrameworksBuildPhase;
			buildActionMask = 2147483647;
			files = (
			);
			runOnlyForDeploymentPostprocessing = 0;
		};
		910E89342CB817F60074A481 /* Frameworks */ = {
			isa = PBXFrameworksBuildPhase;
			buildActionMask = 2147483647;
			files = (
			);
			runOnlyForDeploymentPostprocessing = 0;
		};
		910E893E2CB817F60074A481 /* Frameworks */ = {
			isa = PBXFrameworksBuildPhase;
			buildActionMask = 2147483647;
			files = (
			);
			runOnlyForDeploymentPostprocessing = 0;
		};
/* End PBXFrameworksBuildPhase section */

/* Begin PBXGroup section */
		910E891E2CB817F50074A481 = {
			isa = PBXGroup;
			children = (
				910E89292CB817F50074A481 /* JustConverter */,
				910E893A2CB817F60074A481 /* JustConverterTests */,
				910E89442CB817F60074A481 /* JustConverterUITests */,
				910E89282CB817F50074A481 /* Products */,
			);
			sourceTree = "<group>";
		};
		910E89282CB817F50074A481 /* Products */ = {
			isa = PBXGroup;
			children = (
				910E89272CB817F50074A481 /* JustConverter.app */,
				910E89372CB817F60074A481 /* JustConverterTests.xctest */,
				910E89412CB817F60074A481 /* JustConverterUITests.xctest */,
			);
			name = Products;
			sourceTree = "<group>";
		};
/* End PBXGroup section */

/* Begin PBXNativeTarget section */
		910E89262CB817F50074A481 /* JustConverter */ = {
			isa = PBXNativeTarget;
			buildConfigurationList = 910E894B2CB817F60074A481 /* Build configuration list for PBXNativeTarget "JustConverter" */;
			buildPhases = (
				910E89232CB817F50074A481 /* Sources */,
				910E89242CB817F50074A481 /* Frameworks */,
				910E89252CB817F50074A481 /* Resources */,
			);
			buildRules = (
			);
			dependencies = (
			);
			fileSystemSynchronizedGroups = (
				910E89292CB817F50074A481 /* JustConverter */,
			);
			name = JustConverter;
			packageProductDependencies = (
			);
			productName = JustConverter;
			productReference = 910E89272CB817F50074A481 /* JustConverter.app */;
			productType = "com.apple.product-type.application";
		};
		910E89362CB817F60074A481 /* JustConverterTests */ = {
			isa = PBXNativeTarget;
			buildConfigurationList = 910E894E2CB817F60074A481 /* Build configuration list for PBXNativeTarget "JustConverterTests" */;
			buildPhases = (
				910E89332CB817F60074A481 /* Sources */,
				910E89342CB817F60074A481 /* Frameworks */,
				910E89352CB817F60074A481 /* Resources */,
			);
			buildRules = (
			);
			dependencies = (
				910E89392CB817F60074A481 /* PBXTargetDependency */,
			);
			fileSystemSynchronizedGroups = (
				910E893A2CB817F60074A481 /* JustConverterTests */,
			);
			name = JustConverterTests;
			packageProductDependencies = (
			);
			productName = JustConverterTests;
			productReference = 910E89372CB817F60074A481 /* JustConverterTests.xctest */;
			productType = "com.apple.product-type.bundle.unit-test";
		};
		910E89402CB817F60074A481 /* JustConverterUITests */ = {
			isa = PBXNativeTarget;
			buildConfigurationList = 910E89512CB817F60074A481 /* Build configuration list for PBXNativeTarget "JustConverterUITests" */;
			buildPhases = (
				910E893D2CB817F60074A481 /* Sources */,
				910E893E2CB817F60074A481 /* Frameworks */,
				910E893F2CB817F60074A481 /* Resources */,
			);
			buildRules = (
			);
			dependencies = (
				910E89432CB817F60074A481 /* PBXTargetDependency */,
			);
			fileSystemSynchronizedGroups = (
				910E89442CB817F60074A481 /* JustConverterUITests */,
			);
			name = JustConverterUITests;
			packageProductDependencies = (
			);
			productName = JustConverterUITests;
			productReference = 910E89412CB817F60074A481 /* JustConverterUITests.xctest */;
			productType = "com.apple.product-type.bundle.ui-testing";
		};
/* End PBXNativeTarget section */

/* Begin PBXProject section */
		910E891F2CB817F50074A481 /* Project object */ = {
			isa = PBXProject;
			attributes = {
				BuildIndependentTargetsInParallel = 1;
				LastSwiftUpdateCheck = 1600;
				LastUpgradeCheck = 1600;
				TargetAttributes = {
					910E89262CB817F50074A481 = {
						CreatedOnToolsVersion = 16.0;
					};
					910E89362CB817F60074A481 = {
						CreatedOnToolsVersion = 16.0;
						TestTargetID = 910E89262CB817F50074A481;
					};
					910E89402CB817F60074A481 = {
						CreatedOnToolsVersion = 16.0;
						TestTargetID = 910E89262CB817F50074A481;
					};
				};
			};
			buildConfigurationList = 910E89222CB817F50074A481 /* Build configuration list for PBXProject "JustConverter" */;
			developmentRegion = en;
			hasScannedForEncodings = 0;
			knownRegions = (
				en,
				Base,
			);
			mainGroup = 910E891E2CB817F50074A481;
			minimizedProjectReferenceProxies = 1;
			preferredProjectObjectVersion = 77;
			productRefGroup = 910E89282CB817F50074A481 /* Products */;
			projectDirPath = "";
			projectRoot = "";
			targets = (
				910E89262CB817F50074A481 /* JustConverter */,
				910E89362CB817F60074A481 /* JustConverterTests */,
				910E89402CB817F60074A481 /* JustConverterUITests */,
			);
		};
/* End PBXProject section */

/* Begin PBXResourcesBuildPhase section */
		910E89252CB817F50074A481 /* Resources */ = {
			isa = PBXResourcesBuildPhase;
			buildActionMask = 2147483647;
			files = (
			);
			runOnlyForDeploymentPostprocessing = 0;
		};
		910E89352CB817F60074A481 /* Resources */ = {
			isa = PBXResourcesBuildPhase;
			buildActionMask = 2147483647;
			files = (
			);
			runOnlyForDeploymentPostprocessing = 0;
		};
		910E893F2CB817F60074A481 /* Resources */ = {
			isa = PBXResourcesBuildPhase;
			buildActionMask = 2147483647;
			files = (
			);
			runOnlyForDeploymentPostprocessing = 0;
		};
/* End PBXResourcesBuildPhase section */

/* Begin PBXSourcesBuildPhase section */
		910E89232CB817F50074A481 /* Sources */ = {
			isa = PBXSourcesBuildPhase;
			buildActionMask = 2147483647;
			files = (
			);
			runOnlyForDeploymentPostprocessing = 0;
		};
		910E89332CB817F60074A481 /* Sources */ = {
			isa = PBXSourcesBuildPhase;
			buildActionMask = 2147483647;
			files = (
			);
			runOnlyForDeploymentPostprocessing = 0;
		};
		910E893D2CB817F60074A481 /* Sources */ = {
			isa = PBXSourcesBuildPhase;
			buildActionMask = 2147483647;
			files = (
			);
			runOnlyForDeploymentPostprocessing = 0;
		};
/* End PBXSourcesBuildPhase section */

/* Begin PBXTargetDependency section */
		910E89392CB817F60074A481 /* PBXTargetDependency */ = {
			isa = PBXTargetDependency;
			target = 910E89262CB817F50074A481 /* JustConverter */;
			targetProxy = 910E89382CB817F60074A481 /* PBXContainerItemProxy */;
		};
		910E89432CB817F60074A481 /* PBXTargetDependency */ = {
			isa = PBXTargetDependency;
			target = 910E89262CB817F50074A481 /* JustConverter */;
			targetProxy = 910E89422CB817F60074A481 /* PBXContainerItemProxy */;
		};
/* End PBXTargetDependency section */

/* Begin XCBuildConfiguration section */
		910E89492CB817F60074A481 /* Debug */ = {
			isa = XCBuildConfiguration;
			buildSettings = {
				ALWAYS_SEARCH_USER_PATHS = NO;
				ASSETCATALOG_COMPILER_GENERATE_SWIFT_ASSET_SYMBOL_EXTENSIONS = YES;
				CLANG_ANALYZER_NONNULL = YES;
				CLANG_ANALYZER_NUMBER_OBJECT_CONVERSION = YES_AGGRESSIVE;
				CLANG_CXX_LANGUAGE_STANDARD = "gnu++20";
				CLANG_ENABLE_MODULES = YES;
				CLANG_ENABLE_OBJC_ARC = YES;
				CLANG_ENABLE_OBJC_WEAK = YES;
				CLANG_WARN_BLOCK_CAPTURE_AUTORELEASING = YES;
				CLANG_WARN_BOOL_CONVERSION = YES;
				CLANG_WARN_COMMA = YES;
				CLANG_WARN_CONSTANT_CONVERSION = YES;
				CLANG_WARN_DEPRECATED_OBJC_IMPLEMENTATIONS = YES;
				CLANG_WARN_DIRECT_OBJC_ISA_USAGE = YES_ERROR;
				CLANG_WARN_DOCUMENTATION_COMMENTS = YES;
				CLANG_WARN_EMPTY_BODY = YES;
				CLANG_WARN_ENUM_CONVERSION = YES;
				CLANG_WARN_INFINITE_RECURSION = YES;
				CLANG_WARN_INT_CONVERSION = YES;
				CLANG_WARN_NON_LITERAL_NULL_CONVERSION = YES;
				CLANG_WARN_OBJC_IMPLICIT_RETAIN_SELF = YES;
				CLANG_WARN_OBJC_LITERAL_CONVERSION = YES;
				CLANG_WARN_OBJC_ROOT_CLASS = YES_ERROR;
				CLANG_WARN_QUOTED_INCLUDE_IN_FRAMEWORK_HEADER = YES;
				CLANG_WARN_RANGE_LOOP_ANALYSIS = YES;
				CLANG_WARN_STRICT_PROTOTYPES = YES;
				CLANG_WARN_SUSPICIOUS_MOVE = YES;
				CLANG_WARN_UNGUARDED_AVAILABILITY = YES_AGGRESSIVE;
				CLANG_WARN_UNREACHABLE_CODE = YES;
				CLANG_WARN__DUPLICATE_METHOD_MATCH = YES;
				COPY_PHASE_STRIP = NO;
				DEBUG_INFORMATION_FORMAT = dwarf;
				ENABLE_STRICT_OBJC_MSGSEND = YES;
				ENABLE_TESTABILITY = YES;
				ENABLE_USER_SCRIPT_SANDBOXING = YES;
				GCC_C_LANGUAGE_STANDARD = gnu17;
				GCC_DYNAMIC_NO_PIC = NO;
				GCC_NO_COMMON_BLOCKS = YES;
				GCC_OPTIMIZATION_LEVEL = 0;
				GCC_PREPROCESSOR_DEFINITIONS = (
					"DEBUG=1",
					"$(inherited)",
				);
				GCC_WARN_64_TO_32_BIT_CONVERSION = YES;
				GCC_WARN_ABOUT_RETURN_TYPE = YES_ERROR;
				GCC_WARN_UNDECLARED_SELECTOR = YES;
				GCC_WARN_UNINITIALIZED_AUTOS = YES_AGGRESSIVE;
				GCC_WARN_UNUSED_FUNCTION = YES;
				GCC_WARN_UNUSED_VARIABLE = YES;
				IPHONEOS_DEPLOYMENT_TARGET = 18.0;
				LOCALIZATION_PREFERS_STRING_CATALOGS = YES;
				MTL_ENABLE_DEBUG_INFO = INCLUDE_SOURCE;
				MTL_FAST_MATH = YES;
				ONLY_ACTIVE_ARCH = YES;
				SDKROOT = iphoneos;
				SWIFT_ACTIVE_COMPILATION_CONDITIONS = "DEBUG $(inherited)";
				SWIFT_OPTIMIZATION_LEVEL = "-Onone";
			};
			name = Debug;
		};
		910E894A2CB817F60074A481 /* Release */ = {
			isa = XCBuildConfiguration;
			buildSettings = {
				ALWAYS_SEARCH_USER_PATHS = NO;
				ASSETCATALOG_COMPILER_GENERATE_SWIFT_ASSET_SYMBOL_EXTENSIONS = YES;
				CLANG_ANALYZER_NONNULL = YES;
				CLANG_ANALYZER_NUMBER_OBJECT_CONVERSION = YES_AGGRESSIVE;
				CLANG_CXX_LANGUAGE_STANDARD = "gnu++20";
				CLANG_ENABLE_MODULES = YES;
				CLANG_ENABLE_OBJC_ARC = YES;
				CLANG_ENABLE_OBJC_WEAK = YES;
				CLANG_WARN_BLOCK_CAPTURE_AUTORELEASING = YES;
				CLANG_WARN_BOOL_CONVERSION = YES;
				CLANG_WARN_COMMA = YES;
				CLANG_WARN_CONSTANT_CONVERSION = YES;
				CLANG_WARN_DEPRECATED_OBJC_IMPLEMENTATIONS = YES;
				CLANG_WARN_DIRECT_OBJC_ISA_USAGE = YES_ERROR;
				CLANG_WARN_DOCUMENTATION_COMMENTS = YES;
				CLANG_WARN_EMPTY_BODY = YES;
				CLANG_WARN_ENUM_CONVERSION = YES;
				CLANG_WARN_INFINITE_RECURSION = YES;
				CLANG_WARN_INT_CONVERSION = YES;
				CLANG_WARN_NON_LITERAL_NULL_CONVERSION = YES;
				CLANG_WARN_OBJC_IMPLICIT_RETAIN_SELF = YES;
				CLANG_WARN_OBJC_LITERAL_CONVERSION = YES;
				CLANG_WARN_OBJC_ROOT_CLASS = YES_ERROR;
				CLANG_WARN_QUOTED_INCLUDE_IN_FRAMEWORK_HEADER = YES;
				CLANG_WARN_RANGE_LOOP_ANALYSIS = YES;
				CLANG_WARN_STRICT_PROTOTYPES = YES;
				CLANG_WARN_SUSPICIOUS_MOVE = YES;
				CLANG_WARN_UNGUARDED_AVAILABILITY = YES_AGGRESSIVE;
				CLANG_WARN_UNREACHABLE_CODE = YES;
				CLANG_WARN__DUPLICATE_METHOD_MATCH = YES;
				COPY_PHASE_STRIP = NO;
				DEBUG_INFORMATION_FORMAT = "dwarf-with-dsym";
				ENABLE_NS_ASSERTIONS = NO;
				ENABLE_STRICT_OBJC_MSGSEND = YES;
				ENABLE_USER_SCRIPT_SANDBOXING = YES;
				GCC_C_LANGUAGE_STANDARD = gnu17;
				GCC_NO_COMMON_BLOCKS = YES;
				GCC_WARN_64_TO_32_BIT_CONVERSION = YES;
				GCC_WARN_ABOUT_RETURN_TYPE = YES_ERROR;
				GCC_WARN_UNDECLARED_SELECTOR = YES;
				GCC_WARN_UNINITIALIZED_AUTOS = YES_AGGRESSIVE;
				GCC_WARN_UNUSED_FUNCTION = YES;
				GCC_WARN_UNUSED_VARIABLE = YES;
				IPHONEOS_DEPLOYMENT_TARGET = 18.0;
				LOCALIZATION_PREFERS_STRING_CATALOGS = YES;
				MTL_ENABLE_DEBUG_INFO = NO;
				MTL_FAST_MATH = YES;
				SDKROOT = iphoneos;
				SWIFT_COMPILATION_MODE = wholemodule;
				VALIDATE_PRODUCT = YES;
			};
			name = Release;
		};
		910E894C2CB817F60074A481 /* Debug */ = {
			isa = XCBuildConfiguration;
			buildSettings = {
				ASSETCATALOG_COMPILER_APPICON_NAME = AppIcon;
				ASSETCATALOG_COMPILER_GLOBAL_ACCENT_COLOR_NAME = AccentColor;
				CODE_SIGN_STYLE = Automatic;
				CURRENT_PROJECT_VERSION = 1;
				DEVELOPMENT_ASSET_PATHS = "\"JustConverter/Preview Content\"";
				DEVELOPMENT_TEAM = 82ZASH38NC;
				ENABLE_PREVIEWS = YES;
				GENERATE_INFOPLIST_FILE = YES;
				INFOPLIST_KEY_UIApplicationSceneManifest_Generation = YES;
				INFOPLIST_KEY_UIApplicationSupportsIndirectInputEvents = YES;
				INFOPLIST_KEY_UILaunchScreen_Generation = YES;
				INFOPLIST_KEY_UISupportedInterfaceOrientations_iPad = "UIInterfaceOrientationPortrait UIInterfaceOrientationPortraitUpsideDown UIInterfaceOrientationLandscapeLeft UIInterfaceOrientationLandscapeRight";
				INFOPLIST_KEY_UISupportedInterfaceOrientations_iPhone = "UIInterfaceOrientationPortrait UIInterfaceOrientationLandscapeLeft UIInterfaceOrientationLandscapeRight";
				LD_RUNPATH_SEARCH_PATHS = (
					"$(inherited)",
					"@executable_path/Frameworks",
				);
				MARKETING_VERSION = 1.0;
				PRODUCT_BUNDLE_IDENTIFIER = maxim.personal.JustConverter;
				PRODUCT_NAME = "$(TARGET_NAME)";
				SWIFT_EMIT_LOC_STRINGS = YES;
				SWIFT_VERSION = 5.0;
				TARGETED_DEVICE_FAMILY = "1,2";
			};
			name = Debug;
		};
		910E894D2CB817F60074A481 /* Release */ = {
			isa = XCBuildConfiguration;
			buildSettings = {
				ASSETCATALOG_COMPILER_APPICON_NAME = AppIcon;
				ASSETCATALOG_COMPILER_GLOBAL_ACCENT_COLOR_NAME = AccentColor;
				CODE_SIGN_STYLE = Automatic;
				CURRENT_PROJECT_VERSION = 1;
				DEVELOPMENT_ASSET_PATHS = "\"JustConverter/Preview Content\"";
				DEVELOPMENT_TEAM = 82ZASH38NC;
				ENABLE_PREVIEWS = YES;
				GENERATE_INFOPLIST_FILE = YES;
				INFOPLIST_KEY_UIApplicationSceneManifest_Generation = YES;
				INFOPLIST_KEY_UIApplicationSupportsIndirectInputEvents = YES;
				INFOPLIST_KEY_UILaunchScreen_Generation = YES;
				INFOPLIST_KEY_UISupportedInterfaceOrientations_iPad = "UIInterfaceOrientationPortrait UIInterfaceOrientationPortraitUpsideDown UIInterfaceOrientationLandscapeLeft UIInterfaceOrientationLandscapeRight";
				INFOPLIST_KEY_UISupportedInterfaceOrientations_iPhone = "UIInterfaceOrientationPortrait UIInterfaceOrientationLandscapeLeft UIInterfaceOrientationLandscapeRight";
				LD_RUNPATH_SEARCH_PATHS = (
					"$(inherited)",
					"@executable_path/Frameworks",
				);
				MARKETING_VERSION = 1.0;
				PRODUCT_BUNDLE_IDENTIFIER = maxim.personal.JustConverter;
				PRODUCT_NAME = "$(TARGET_NAME)";
				SWIFT_EMIT_LOC_STRINGS = YES;
				SWIFT_VERSION = 5.0;
				TARGETED_DEVICE_FAMILY = "1,2";
			};
			name = Release;
		};
		910E894F2CB817F60074A481 /* Debug */ = {
			isa = XCBuildConfiguration;
			buildSettings = {
				BUNDLE_LOADER = "$(TEST_HOST)";
				CODE_SIGN_STYLE = Automatic;
				CURRENT_PROJECT_VERSION = 1;
				DEVELOPMENT_TEAM = 82ZASH38NC;
				GENERATE_INFOPLIST_FILE = YES;
				IPHONEOS_DEPLOYMENT_TARGET = 18.0;
				MARKETING_VERSION = 1.0;
				PRODUCT_BUNDLE_IDENTIFIER = maxim.personal.JustConverterTests;
				PRODUCT_NAME = "$(TARGET_NAME)";
				SWIFT_EMIT_LOC_STRINGS = NO;
				SWIFT_VERSION = 5.0;
				TARGETED_DEVICE_FAMILY = "1,2";
				TEST_HOST = "$(BUILT_PRODUCTS_DIR)/JustConverter.app/$(BUNDLE_EXECUTABLE_FOLDER_PATH)/JustConverter";
			};
			name = Debug;
		};
		910E89502CB817F60074A481 /* Release */ = {
			isa = XCBuildConfiguration;
			buildSettings = {
				BUNDLE_LOADER = "$(TEST_HOST)";
				CODE_SIGN_STYLE = Automatic;
				CURRENT_PROJECT_VERSION = 1;
				DEVELOPMENT_TEAM = 82ZASH38NC;
				GENERATE_INFOPLIST_FILE = YES;
				IPHONEOS_DEPLOYMENT_TARGET = 18.0;
				MARKETING_VERSION = 1.0;
				PRODUCT_BUNDLE_IDENTIFIER = maxim.personal.JustConverterTests;
				PRODUCT_NAME = "$(TARGET_NAME)";
				SWIFT_EMIT_LOC_STRINGS = NO;
				SWIFT_VERSION = 5.0;
				TARGETED_DEVICE_FAMILY = "1,2";
				TEST_HOST = "$(BUILT_PRODUCTS_DIR)/JustConverter.app/$(BUNDLE_EXECUTABLE_FOLDER_PATH)/JustConverter";
			};
			name = Release;
		};
		910E89522CB817F60074A481 /* Debug */ = {
			isa = XCBuildConfiguration;
			buildSettings = {
				CODE_SIGN_STYLE = Automatic;
				CURRENT_PROJECT_VERSION = 1;
				DEVELOPMENT_TEAM = 82ZASH38NC;
				GENERATE_INFOPLIST_FILE = YES;
				MARKETING_VERSION = 1.0;
				PRODUCT_BUNDLE_IDENTIFIER = maxim.personal.JustConverterUITests;
				PRODUCT_NAME = "$(TARGET_NAME)";
				SWIFT_EMIT_LOC_STRINGS = NO;
				SWIFT_VERSION = 5.0;
				TARGETED_DEVICE_FAMILY = "1,2";
				TEST_TARGET_NAME = JustConverter;
			};
			name = Debug;
		};
		910E89532CB817F60074A481 /* Release */ = {
			isa = XCBuildConfiguration;
			buildSettings = {
				CODE_SIGN_STYLE = Automatic;
				CURRENT_PROJECT_VERSION = 1;
				DEVELOPMENT_TEAM = 82ZASH38NC;
				GENERATE_INFOPLIST_FILE = YES;
				MARKETING_VERSION = 1.0;
				PRODUCT_BUNDLE_IDENTIFIER = maxim.personal.JustConverterUITests;
				PRODUCT_NAME = "$(TARGET_NAME)";
				SWIFT_EMIT_LOC_STRINGS = NO;
				SWIFT_VERSION = 5.0;
				TARGETED_DEVICE_FAMILY = "1,2";
				TEST_TARGET_NAME = JustConverter;
			};
			name = Release;
		};
/* End XCBuildConfiguration section */

/* Begin XCConfigurationList section */
		910E89222CB817F50074A481 /* Build configuration list for PBXProject "JustConverter" */ = {
			isa = XCConfigurationList;
			buildConfigurations = (
				910E89492CB817F60074A481 /* Debug */,
				910E894A2CB817F60074A481 /* Release */,
			);
			defaultConfigurationIsVisible = 0;
			defaultConfigurationName = Release;
		};
		910E894B2CB817F60074A481 /* Build configuration list for PBXNativeTarget "JustConverter" */ = {
			isa = XCConfigurationList;
			buildConfigurations = (
				910E894C2CB817F60074A481 /* Debug */,
				910E894D2CB817F60074A481 /* Release */,
			);
			defaultConfigurationIsVisible = 0;
			defaultConfigurationName = Release;
		};
		910E894E2CB817F60074A481 /* Build configuration list for PBXNativeTarget "JustConverterTests" */ = {
			isa = XCConfigurationList;
			buildConfigurations = (
				910E894F2CB817F60074A481 /* Debug */,
				910E89502CB817F60074A481 /* Release */,
			);
			defaultConfigurationIsVisible = 0;
			defaultConfigurationName = Release;
		};
		910E89512CB817F60074A481 /* Build configuration list for PBXNativeTarget "JustConverterUITests" */ = {
			isa = XCConfigurationList;
			buildConfigurations = (
				910E89522CB817F60074A481 /* Debug */,
				910E89532CB817F60074A481 /* Release */,
			);
			defaultConfigurationIsVisible = 0;
			defaultConfigurationName = Release;
		};
/* End XCConfigurationList section */
	};
	rootObject = 910E891F2CB817F50074A481 /* Project object */;
}
